
Microsoft Visual Studio Solution File, Format Version 12.00
# Visual Studio Version 16
VisualStudioVersion = 16.0.29613.14
MinimumVisualStudioVersion = 10.0.40219.1
Project("{FAE04EC0-301F-11D3-BF4B-00C04F79EFBC}") = "TomasosPizzeria", "TomasosPizzeria\TomasosPizzeria.csproj", "{D884DA96-6B4F-4816-B86E-B9981DF87A02}"
EndProject
Global
	GlobalSection(SolutionConfigurationPlatforms) = preSolution
		Debug|Any CPU = Debug|Any CPU
		Release|Any CPU = Release|Any CPU
	EndGlobalSection
	GlobalSection(ProjectConfigurationPlatforms) = postSolution
		{D884DA96-6B4F-4816-B86E-B9981DF87A02}.Debug|Any CPU.ActiveCfg = Debug|Any CPU
		{D884DA96-6B4F-4816-B86E-B9981DF87A02}.Debug|Any CPU.Build.0 = Debug|Any CPU
		{D884DA96-6B4F-4816-B86E-B9981DF87A02}.Release|Any CPU.ActiveCfg = Release|Any CPU
		{D884DA96-6B4F-4816-B86E-B9981DF87A02}.Release|Any CPU.Build.0 = Release|Any CPU
	EndGlobalSection
	GlobalSection(SolutionProperties) = preSolution
		HideSolutionNode = FALSE
	EndGlobalSection
	GlobalSection(ExtensibilityGlobals) = postSolution
		SolutionGuid = {E0EF4514-A50E-4B15-9F21-B497E7FE3A25}
	EndGlobalSection
EndGlobal
